// !$*UTF8*$!
{
	archiveVersion = 1;
	classes = {
	};
	objectVersion = 46;
	objects = {

/* Begin PBXBuildFile section */
		61468F6B1D06996F00407BC5 /* AppDelegate.swift in Sources */ = {isa = PBXBuildFile; fileRef = 61468F6A1D06996F00407BC5 /* AppDelegate.swift */; };
		61468F6D1D06996F00407BC5 /* MonitoringRangingViewController.swift in Sources */ = {isa = PBXBuildFile; fileRef = 61468F6C1D06996F00407BC5 /* MonitoringRangingViewController.swift */; };
		61468F701D06996F00407BC5 /* Main.storyboard in Resources */ = {isa = PBXBuildFile; fileRef = 61468F6E1D06996F00407BC5 /* Main.storyboard */; };
		61468F721D06996F00407BC5 /* Assets.xcassets in Resources */ = {isa = PBXBuildFile; fileRef = 61468F711D06996F00407BC5 /* Assets.xcassets */; };
		61468F751D06996F00407BC5 /* LaunchScreen.storyboard in Resources */ = {isa = PBXBuildFile; fileRef = 61468F731D06996F00407BC5 /* LaunchScreen.storyboard */; };
/* End PBXBuildFile section */

/* Begin PBXFileReference section */
		61468F671D06996F00407BC5 /* iBeaconMonitoringRanging.app */ = {isa = PBXFileReference; explicitFileType = wrapper.application; includeInIndex = 0; path = iBeaconMonitoringRanging.app; sourceTree = BUILT_PRODUCTS_DIR; };
		61468F6A1D06996F00407BC5 /* AppDelegate.swift */ = {isa = PBXFileReference; lastKnownFileType = sourcecode.swift; path = AppDelegate.swift; sourceTree = "<group>"; };
		61468F6C1D06996F00407BC5 /* MonitoringRangingViewController.swift */ = {isa = PBXFileReference; lastKnownFileType = sourcecode.swift; path = MonitoringRangingViewController.swift; sourceTree = "<group>"; };
		61468F6F1D06996F00407BC5 /* Base */ = {isa = PBXFileReference; lastKnownFileType = file.storyboard; name = Base; path = Base.lproj/Main.storyboard; sourceTree = "<group>"; };
		61468F711D06996F00407BC5 /* Assets.xcassets */ = {isa = PBXFileReference; lastKnownFileType = folder.assetcatalog; path = Assets.xcassets; sourceTree = "<group>"; };
		61468F741D06996F00407BC5 /* Base */ = {isa = PBXFileReference; lastKnownFileType = file.storyboard; name = Base; path = Base.lproj/LaunchScreen.storyboard; sourceTree = "<group>"; };
		61468F761D06996F00407BC5 /* Info.plist */ = {isa = PBXFileReference; lastKnownFileType = text.plist.xml; path = Info.plist; sourceTree = "<group>"; };
/* End PBXFileReference section */

/* Begin PBXFrameworksBuildPhase section */
		61468F641D06996F00407BC5 /* Frameworks */ = {
			isa = PBXFrameworksBuildPhase;
			buildActionMask = 2147483647;
			files = (
			);
			runOnlyForDeploymentPostprocessing = 0;
		};
/* End PBXFrameworksBuildPhase section */

/* Begin PBXGroup section */
		61468F5E1D06996F00407BC5 = {
			isa = PBXGroup;
			children = (
				61468F691D06996F00407BC5 /* iBeaconMonitoringRanging */,
				61468F681D06996F00407BC5 /* Products */,
			);
			sourceTree = "<group>";
		};
		61468F681D06996F00407BC5 /* Products */ = {
			isa = PBXGroup;
			children = (
				61468F671D06996F00407BC5 /* iBeaconMonitoringRanging.app */,
			);
			name = Products;
			sourceTree = "<group>";
		};
		61468F691D06996F00407BC5 /* iBeaconMonitoringRanging */ = {
			isa = PBXGroup;
			children = (
				61468F6A1D06996F00407BC5 /* AppDelegate.swift */,
				61468F6C1D06996F00407BC5 /* MonitoringRangingViewController.swift */,
				61468F6E1D06996F00407BC5 /* Main.storyboard */,
				61468F711D06996F00407BC5 /* Assets.xcassets */,
				61468F731D06996F00407BC5 /* LaunchScreen.storyboard */,
				61468F761D06996F00407BC5 /* Info.plist */,
			);
			path = iBeaconMonitoringRanging;
			sourceTree = "<group>";
		};
/* End PBXGroup section */

/* Begin PBXNativeTarget section */
		61468F661D06996F00407BC5 /* iBeaconMonitoringRanging */ = {
			isa = PBXNativeTarget;
			buildConfigurationList = 61468F791D06996F00407BC5 /* Build configuration list for PBXNativeTarget "iBeaconMonitoringRanging" */;
			buildPhases = (
				61468F631D06996F00407BC5 /* Sources */,
				61468F641D06996F00407BC5 /* Frameworks */,
				61468F651D06996F00407BC5 /* Resources */,
			);
			buildRules = (
			);
			dependencies = (
			);
			name = iBeaconMonitoringRanging;
			productName = iBeaconMonitoringRanging;
			productReference = 61468F671D06996F00407BC5 /* iBeaconMonitoringRanging.app */;
			productType = "com.apple.product-type.application";
		};
/* End PBXNativeTarget section */

/* Begin PBXProject section */
		61468F5F1D06996F00407BC5 /* Project object */ = {
			isa = PBXProject;
			attributes = {
				LastSwiftUpdateCheck = 0730;
				LastUpgradeCheck = 0730;
				ORGANIZATIONNAME = "Sandeep Kumar";
				TargetAttributes = {
					61468F661D06996F00407BC5 = {
						CreatedOnToolsVersion = 7.3.1;
					};
				};
			};
			buildConfigurationList = 61468F621D06996F00407BC5 /* Build configuration list for PBXProject "iBeaconMonitoringRanging" */;
			compatibilityVersion = "Xcode 3.2";
			developmentRegion = English;
			hasScannedForEncodings = 0;
			knownRegions = (
				en,
				Base,
			);
			mainGroup = 61468F5E1D06996F00407BC5;
			productRefGroup = 61468F681D06996F00407BC5 /* Products */;
			projectDirPath = "";
			projectRoot = "";
			targets = (
				61468F661D06996F00407BC5 /* iBeaconMonitoringRanging */,
			);
		};
/* End PBXProject section */

/* Begin PBXResourcesBuildPhase section */
		61468F651D06996F00407BC5 /* Resources */ = {
			isa = PBXResourcesBuildPhase;
			buildActionMask = 2147483647;
			files = (
				61468F751D06996F00407BC5 /* LaunchScreen.storyboard in Resources */,
				61468F721D06996F00407BC5 /* Assets.xcassets in Resources */,
				61468F701D06996F00407BC5 /* Main.storyboard in Resources */,
			);
			runOnlyForDeploymentPostprocessing = 0;
		};
/* End PBXResourcesBuildPhase section */

/* Begin PBXSourcesBuildPhase section */
		61468F631D06996F00407BC5 /* Sources */ = {
			isa = PBXSourcesBuildPhase;
			buildActionMask = 2147483647;
			files = (
				61468F6D1D06996F00407BC5 /* MonitoringRangingViewController.swift in Sources */,
				61468F6B1D06996F00407BC5 /* AppDelegate.swift in Sources */,
			);
			runOnlyForDeploymentPostprocessing = 0;
		};
/* End PBXSourcesBuildPhase section */

/* Begin PBXVariantGroup section */
		61468F6E1D06996F00407BC5 /* Main.storyboard */ = {
			isa = PBXVariantGroup;
			children = (
				61468F6F1D06996F00407BC5 /* Base */,
			);
			name = Main.storyboard;
			sourceTree = "<group>";
		};
		61468F731D06996F00407BC5 /* LaunchScreen.storyboard */ = {
			isa = PBXVariantGroup;
			children = (
				61468F741D06996F00407BC5 /* Base */,
			);
			name = LaunchScreen.storyboard;
			sourceTree = "<group>";
		};
/* End PBXVariantGroup section */

/* Begin XCBuildConfiguration section */
		61468F771D06996F00407BC5 /* Debug */ = {
			isa = XCBuildConfiguration;
			buildSettings = {
				ALWAYS_SEARCH_USER_PATHS = NO;
				CLANG_ANALYZER_NONNULL = YES;
				CLANG_CXX_LANGUAGE_STANDARD = "gnu++0x";
				CLANG_CXX_LIBRARY = "libc++";
				CLANG_ENABLE_MODULES = YES;
				CLANG_ENABLE_OBJC_ARC = YES;
				CLANG_WARN_BOOL_CONVERSION = YES;
				CLANG_WARN_CONSTANT_CONVERSION = YES;
				CLANG_WARN_DIRECT_OBJC_ISA_USAGE = YES_ERROR;
				CLANG_WARN_EMPTY_BODY = YES;
				CLANG_WARN_ENUM_CONVERSION = YES;
				CLANG_WARN_INT_CONVERSION = YES;
				CLANG_WARN_OBJC_ROOT_CLASS = YES_ERROR;
				CLANG_WARN_UNREACHABLE_CODE = YES;
				CLANG_WARN__DUPLICATE_METHOD_MATCH = YES;
				"CODE_SIGN_IDENTITY[sdk=iphoneos*]" = "iPhone Developer";
				COPY_PHASE_STRIP = NO;
				DEBUG_INFORMATION_FORMAT = dwarf;
				ENABLE_STRICT_OBJC_MSGSEND = YES;
				ENABLE_TESTABILITY = YES;
				GCC_C_LANGUAGE_STANDARD = gnu99;
				GCC_DYNAMIC_NO_PIC = NO;
				GCC_NO_COMMON_BLOCKS = YES;
				GCC_OPTIMIZATION_LEVEL = 0;
				GCC_PREPROCESSOR_DEFINITIONS = (
					"DEBUG=1",
					"$(inherited)",
				);
				GCC_WARN_64_TO_32_BIT_CONVERSION = YES;
				GCC_WARN_ABOUT_RETURN_TYPE = YES_ERROR;
				GCC_WARN_UNDECLARED_SELECTOR = YES;
				GCC_WARN_UNINITIALIZED_AUTOS = YES_AGGRESSIVE;
				GCC_WARN_UNUSED_FUNCTION = YES;
				GCC_WARN_UNUSED_VARIABLE = YES;
				IPHONEOS_DEPLOYMENT_TARGET = 9.3;
				MTL_ENABLE_DEBUG_INFO = YES;
				ONLY_ACTIVE_ARCH = YES;
				SDKROOT = iphoneos;
				SWIFT_OPTIMIZATION_LEVEL = "-Onone";
				TARGETED_DEVICE_FAMILY = "1,2";
			};
			name = Debug;
		};
		61468F781D06996F00407BC5 /* Release */ = {
			isa = XCBuildConfiguration;
			buildSettings = {
				ALWAYS_SEARCH_USER_PATHS = NO;
				CLANG_ANALYZER_NONNULL = YES;
				CLANG_CXX_LANGUAGE_STANDARD = "gnu++0x";
				CLANG_CXX_LIBRARY = "libc++";
				CLANG_ENABLE_MODULES = YES;
				CLANG_ENABLE_OBJC_ARC = YES;
				CLANG_WARN_BOOL_CONVERSION = YES;
				CLANG_WARN_CONSTANT_CONVERSION = YES;
				CLANG_WARN_DIRECT_OBJC_ISA_USAGE = YES_ERROR;
				CLANG_WARN_EMPTY_BODY = YES;
				CLANG_WARN_ENUM_CONVERSION = YES;
				CLANG_WARN_INT_CONVERSION = YES;
				CLANG_WARN_OBJC_ROOT_CLASS = YES_ERROR;
				CLANG_WARN_UNREACHABLE_CODE = YES;
				CLANG_WARN__DUPLICATE_METHOD_MATCH = YES;
				"CODE_SIGN_IDENTITY[sdk=iphoneos*]" = "iPhone Developer";
				COPY_PHASE_STRIP = NO;
				DEBUG_INFORMATION_FORMAT = "dwarf-with-dsym";
				ENABLE_NS_ASSERTIONS = NO;
				ENABLE_STRICT_OBJC_MSGSEND = YES;
				GCC_C_LANGUAGE_STANDARD = gnu99;
				GCC_NO_COMMON_BLOCKS = YES;
				GCC_WARN_64_TO_32_BIT_CONVERSION = YES;
				GCC_WARN_ABOUT_RETURN_TYPE = YES_ERROR;
				GCC_WARN_UNDECLARED_SELECTOR = YES;
				GCC_WARN_UNINITIALIZED_AUTOS = YES_AGGRESSIVE;
				GCC_WARN_UNUSED_FUNCTION = YES;
				GCC_WARN_UNUSED_VARIABLE = YES;
				IPHONEOS_DEPLOYMENT_TARGET = 9.3;
				MTL_ENABLE_DEBUG_INFO = NO;
				SDKROOT = iphoneos;
				TARGETED_DEVICE_FAMILY = "1,2";
				VALIDATE_PRODUCT = YES;
			};
			name = Release;
		};
		61468F7A1D06996F00407BC5 /* Debug */ = {
			isa = XCBuildConfiguration;
			buildSettings = {
				ASSETCATALOG_COMPILER_APPICON_NAME = AppIcon;
				INFOPLIST_FILE = iBeaconMonitoringRanging/Info.plist;
				LD_RUNPATH_SEARCH_PATHS = "$(inherited) @executable_path/Frameworks";
				PRODUCT_BUNDLE_IDENTIFIER = com.sandeepkumar.iBeaconMonitoringRanging;
				PRODUCT_NAME = "$(TARGET_NAME)";
			};
			name = Debug;
		};
		61468F7B1D06996F00407BC5 /* Release */ = {
			isa = XCBuildConfiguration;
			buildSettings = {
				ASSETCATALOG_COMPILER_APPICON_NAME = AppIcon;
				INFOPLIST_FILE = iBeaconMonitoringRanging/Info.plist;
				LD_RUNPATH_SEARCH_PATHS = "$(inherited) @executable_path/Frameworks";
				PRODUCT_BUNDLE_IDENTIFIER = com.sandeepkumar.iBeaconMonitoringRanging;
				PRODUCT_NAME = "$(TARGET_NAME)";
			};
			name = Release;
		};
/* End XCBuildConfiguration section */

/* Begin XCConfigurationList section */
		61468F621D06996F00407BC5 /* Build configuration list for PBXProject "iBeaconMonitoringRanging" */ = {
			isa = XCConfigurationList;
			buildConfigurations = (
				61468F771D06996F00407BC5 /* Debug */,
				61468F781D06996F00407BC5 /* Release */,
			);
			defaultConfigurationIsVisible = 0;
			defaultConfigurationName = Release;
		};
		61468F791D06996F00407BC5 /* Build configuration list for PBXNativeTarget "iBeaconMonitoringRanging" */ = {
			isa = XCConfigurationList;
			buildConfigurations = (
				61468F7A1D06996F00407BC5 /* Debug */,
				61468F7B1D06996F00407BC5 /* Release */,
			);
			defaultConfigurationIsVisible = 0;
		};
/* End XCConfigurationList section */
	};
	rootObject = 61468F5F1D06996F00407BC5 /* Project object */;
}
